
Microsoft Visual Studio Solution File, Format Version 12.00
# Visual Studio 15
VisualStudioVersion = 15.0.27428.2027
MinimumVisualStudioVersion = 10.0.40219.1
Project("{FAE04EC0-301F-11D3-BF4B-00C04F79EFBC}") = "App.Message", "App.Message\App.Message.csproj", "{208C4B2E-6169-4FCB-BAC3-444181426583}"
EndProject
Global
	GlobalSection(SolutionConfigurationPlatforms) = preSolution
		Debug|Any CPU = Debug|Any CPU
		Release|Any CPU = Release|Any CPU
	EndGlobalSection
	GlobalSection(ProjectConfigurationPlatforms) = postSolution
		{208C4B2E-6169-4FCB-BAC3-444181426583}.Debug|Any CPU.ActiveCfg = Debug|Any CPU
		{208C4B2E-6169-4FCB-BAC3-444181426583}.Debug|Any CPU.Build.0 = Debug|Any CPU
		{208C4B2E-6169-4FCB-BAC3-444181426583}.Debug|Any CPU.Deploy.0 = Debug|Any CPU
		{208C4B2E-6169-4FCB-BAC3-444181426583}.Release|Any CPU.ActiveCfg = Release|Any CPU
		{208C4B2E-6169-4FCB-BAC3-444181426583}.Release|Any CPU.Build.0 = Release|Any CPU
		{208C4B2E-6169-4FCB-BAC3-444181426583}.Release|Any CPU.Deploy.0 = Release|Any CPU
	EndGlobalSection
	GlobalSection(SolutionProperties) = preSolution
		HideSolutionNode = FALSE
	EndGlobalSection
	GlobalSection(ExtensibilityGlobals) = postSolution
		SolutionGuid = {82652890-5E86-4FF5-A7F3-2C63999F1ACD}
	EndGlobalSection
EndGlobal
